
Microsoft Visual Studio Solution File, Format Version 12.00
# Visual Studio 2012
Project("{FAE04EC0-301F-11D3-BF4B-00C04F79EFBC}") = "MTO.Practices.Common", "MTO.Practices.Common\MTO.Practices.Common.csproj", "{2E3C8B7E-EE5E-4172-B55B-FD21B5612F95}"
EndProject
Project("{FAE04EC0-301F-11D3-BF4B-00C04F79EFBC}") = "MTO.Practices.Common.Tests", "MTO.Practices.Common.Tests\MTO.Practices.Common.Tests.csproj", "{706B4F56-D63A-445A-829A-6D89454F8F60}"
EndProject
Project("{FAE04EC0-301F-11D3-BF4B-00C04F79EFBC}") = "MTO.Practices.Entity", "MTO.Practices.Entity\MTO.Practices.Entity.csproj", "{00DF8E12-8368-4C68-9B46-0699F7ED9550}"
EndProject
Project("{FAE04EC0-301F-11D3-BF4B-00C04F79EFBC}") = "MTO.Practices.Excel", "MTO.Practices.Excel\MTO.Practices.Excel.csproj", "{B322651C-49B5-4C81-A267-4E79149972C8}"
EndProject
Project("{FAE04EC0-301F-11D3-BF4B-00C04F79EFBC}") = "MTO.Practices.Geolocation", "MTO.Practices.Geolocation\MTO.Practices.Geolocation.csproj", "{F3523C5D-AAA3-495F-B61D-BE59989DE9BE}"
EndProject
Project("{FAE04EC0-301F-11D3-BF4B-00C04F79EFBC}") = "MTO.Practices.Logging.Elmah", "MTO.Practices.Logging.Elmah\MTO.Practices.Logging.Elmah.csproj", "{20ACC268-4898-45C5-8C3A-49FF0D0334EC}"
EndProject
Project("{FAE04EC0-301F-11D3-BF4B-00C04F79EFBC}") = "MTO.Practices.Minify", "MTO.Practices.Minify\MTO.Practices.Minify.csproj", "{8E7DB4AB-D8DD-44AA-B5DC-3D24C76F9A21}"
EndProject
Project("{FAE04EC0-301F-11D3-BF4B-00C04F79EFBC}") = "MTO.Practices.Templating.StringTemplate", "MTO.Practices.Templating.StringTemplate\MTO.Practices.Templating.StringTemplate.csproj", "{22F9B090-3A65-408A-B088-831D3A444544}"
EndProject
Project("{FAE04EC0-301F-11D3-BF4B-00C04F79EFBC}") = "MTO.Practices.Common.Unity", "MTO.Practices.Common.Unity\MTO.Practices.Common.Unity.csproj", "{7E363460-4917-4EAC-9042-78790CA999FD}"
EndProject
Project("{FAE04EC0-301F-11D3-BF4B-00C04F79EFBC}") = "MTO.Practices.ValueInjector", "MTO.Practices.ValueInjector\MTO.Practices.ValueInjector.csproj", "{9D010F13-D9F5-4C4D-9826-5D85A8991689}"
EndProject
Project("{FAE04EC0-301F-11D3-BF4B-00C04F79EFBC}") = "MTO.Practices.Web.Mvc", "MTO.Practices.Web.Mvc\MTO.Practices.Web.Mvc.csproj", "{496E280B-840D-42A7-8E88-BC8B94FD2D9F}"
EndProject
Project("{FAE04EC0-301F-11D3-BF4B-00C04F79EFBC}") = "MTO.Practices.Zip", "MTO.Practices.Zip\MTO.Practices.Zip.csproj", "{068FF586-D40C-4A54-A283-C16CA3996F37}"
EndProject
Project("{2150E333-8FDC-42A3-9474-1A3956D46DE8}") = "Tests", "Tests", "{7DD8AF68-0C83-4F25-BF2E-B579792754F4}"
EndProject
Project("{FAE04EC0-301F-11D3-BF4B-00C04F79EFBC}") = "MTO.Tools.CreatePracticesAssembly", "MTO.Tools.CreatePracticesAssembly\MTO.Tools.CreatePracticesAssembly.csproj", "{6C8D501D-9A80-4711-9096-2FABA769081F}"
EndProject
Project("{FAE04EC0-301F-11D3-BF4B-00C04F79EFBC}") = "MTO.Practices.Cache.Couchbase", "MTO.Practices.Cache.Couchbase\MTO.Practices.Cache.Couchbase.csproj", "{12F3A152-5EAD-45AC-87AE-13698124DFD6}"
EndProject
Project("{2150E333-8FDC-42A3-9474-1A3956D46DE8}") = "Solution Items", "Solution Items", "{17765FE2-5B67-411E-8562-FEA73E897004}"
	ProjectSection(SolutionItems) = preProject
		Changelog.txt = Changelog.txt
	EndProjectSection
EndProject
Project("{FAE04EC0-301F-11D3-BF4B-00C04F79EFBC}") = "MTO.Practices.Common.Funq", "MTO.Practices.Common.Funq\MTO.Practices.Common.Funq.csproj", "{0348E6FD-E3F3-4730-B4D5-BB4E21F36B36}"
EndProject
Project("{FAE04EC0-301F-11D3-BF4B-00C04F79EFBC}") = "MTO.Practices.WebModule", "MTO.Practices.WebModule\MTO.Practices.WebModule.csproj", "{D19BC3D3-D54B-4055-B0C0-E0BBDBB5751A}"
EndProject
Global
	GlobalSection(TestCaseManagementSettings) = postSolution
		CategoryFile = MTO.CMS.vsmdi
	EndGlobalSection
	GlobalSection(SolutionConfigurationPlatforms) = preSolution
		Debug|Any CPU = Debug|Any CPU
		Debug|Mixed Platforms = Debug|Mixed Platforms
		Debug|x86 = Debug|x86
		Release|Any CPU = Release|Any CPU
		Release|Mixed Platforms = Release|Mixed Platforms
		Release|x86 = Release|x86
		TraceRelease|Any CPU = TraceRelease|Any CPU
		TraceRelease|Mixed Platforms = TraceRelease|Mixed Platforms
		TraceRelease|x86 = TraceRelease|x86
	EndGlobalSection
	GlobalSection(ProjectConfigurationPlatforms) = postSolution
		{2E3C8B7E-EE5E-4172-B55B-FD21B5612F95}.Debug|Any CPU.ActiveCfg = Debug|Any CPU
		{2E3C8B7E-EE5E-4172-B55B-FD21B5612F95}.Debug|Any CPU.Build.0 = Debug|Any CPU
		{2E3C8B7E-EE5E-4172-B55B-FD21B5612F95}.Debug|Mixed Platforms.ActiveCfg = Debug|Any CPU
		{2E3C8B7E-EE5E-4172-B55B-FD21B5612F95}.Debug|Mixed Platforms.Build.0 = Debug|Any CPU
		{2E3C8B7E-EE5E-4172-B55B-FD21B5612F95}.Debug|x86.ActiveCfg = Debug|Any CPU
		{2E3C8B7E-EE5E-4172-B55B-FD21B5612F95}.Release|Any CPU.ActiveCfg = Release|Any CPU
		{2E3C8B7E-EE5E-4172-B55B-FD21B5612F95}.Release|Any CPU.Build.0 = Release|Any CPU
		{2E3C8B7E-EE5E-4172-B55B-FD21B5612F95}.Release|Mixed Platforms.ActiveCfg = Release|Any CPU
		{2E3C8B7E-EE5E-4172-B55B-FD21B5612F95}.Release|Mixed Platforms.Build.0 = Release|Any CPU
		{2E3C8B7E-EE5E-4172-B55B-FD21B5612F95}.Release|x86.ActiveCfg = Release|Any CPU
		{2E3C8B7E-EE5E-4172-B55B-FD21B5612F95}.TraceRelease|Any CPU.ActiveCfg = TraceRelease|Any CPU
		{2E3C8B7E-EE5E-4172-B55B-FD21B5612F95}.TraceRelease|Any CPU.Build.0 = TraceRelease|Any CPU
		{2E3C8B7E-EE5E-4172-B55B-FD21B5612F95}.TraceRelease|Mixed Platforms.ActiveCfg = TraceRelease|Any CPU
		{2E3C8B7E-EE5E-4172-B55B-FD21B5612F95}.TraceRelease|Mixed Platforms.Build.0 = TraceRelease|Any CPU
		{2E3C8B7E-EE5E-4172-B55B-FD21B5612F95}.TraceRelease|x86.ActiveCfg = TraceRelease|Any CPU
		{706B4F56-D63A-445A-829A-6D89454F8F60}.Debug|Any CPU.ActiveCfg = Debug|Any CPU
		{706B4F56-D63A-445A-829A-6D89454F8F60}.Debug|Any CPU.Build.0 = Debug|Any CPU
		{706B4F56-D63A-445A-829A-6D89454F8F60}.Debug|Mixed Platforms.ActiveCfg = Debug|Any CPU
		{706B4F56-D63A-445A-829A-6D89454F8F60}.Debug|Mixed Platforms.Build.0 = Debug|Any CPU
		{706B4F56-D63A-445A-829A-6D89454F8F60}.Debug|x86.ActiveCfg = Debug|Any CPU
		{706B4F56-D63A-445A-829A-6D89454F8F60}.Release|Any CPU.ActiveCfg = Release|Any CPU
		{706B4F56-D63A-445A-829A-6D89454F8F60}.Release|Any CPU.Build.0 = Release|Any CPU
		{706B4F56-D63A-445A-829A-6D89454F8F60}.Release|Mixed Platforms.ActiveCfg = Release|Any CPU
		{706B4F56-D63A-445A-829A-6D89454F8F60}.Release|x86.ActiveCfg = Release|Any CPU
		{706B4F56-D63A-445A-829A-6D89454F8F60}.TraceRelease|Any CPU.ActiveCfg = TraceRelease|Any CPU
		{706B4F56-D63A-445A-829A-6D89454F8F60}.TraceRelease|Any CPU.Build.0 = TraceRelease|Any CPU
		{706B4F56-D63A-445A-829A-6D89454F8F60}.TraceRelease|Mixed Platforms.ActiveCfg = TraceRelease|Any CPU
		{706B4F56-D63A-445A-829A-6D89454F8F60}.TraceRelease|Mixed Platforms.Build.0 = TraceRelease|Any CPU
		{706B4F56-D63A-445A-829A-6D89454F8F60}.TraceRelease|x86.ActiveCfg = TraceRelease|Any CPU
		{00DF8E12-8368-4C68-9B46-0699F7ED9550}.Debug|Any CPU.ActiveCfg = Debug|Any CPU
		{00DF8E12-8368-4C68-9B46-0699F7ED9550}.Debug|Any CPU.Build.0 = Debug|Any CPU
		{00DF8E12-8368-4C68-9B46-0699F7ED9550}.Debug|Mixed Platforms.ActiveCfg = Debug|Any CPU
		{00DF8E12-8368-4C68-9B46-0699F7ED9550}.Debug|Mixed Platforms.Build.0 = Debug|Any CPU
		{00DF8E12-8368-4C68-9B46-0699F7ED9550}.Debug|x86.ActiveCfg = Debug|Any CPU
		{00DF8E12-8368-4C68-9B46-0699F7ED9550}.Release|Any CPU.ActiveCfg = Release|Any CPU
		{00DF8E12-8368-4C68-9B46-0699F7ED9550}.Release|Any CPU.Build.0 = Release|Any CPU
		{00DF8E12-8368-4C68-9B46-0699F7ED9550}.Release|Mixed Platforms.ActiveCfg = Release|Any CPU
		{00DF8E12-8368-4C68-9B46-0699F7ED9550}.Release|Mixed Platforms.Build.0 = Release|Any CPU
		{00DF8E12-8368-4C68-9B46-0699F7ED9550}.Release|x86.ActiveCfg = Release|Any CPU
		{00DF8E12-8368-4C68-9B46-0699F7ED9550}.TraceRelease|Any CPU.ActiveCfg = Release|Any CPU
		{00DF8E12-8368-4C68-9B46-0699F7ED9550}.TraceRelease|Any CPU.Build.0 = Release|Any CPU
		{00DF8E12-8368-4C68-9B46-0699F7ED9550}.TraceRelease|Mixed Platforms.ActiveCfg = Release|Any CPU
		{00DF8E12-8368-4C68-9B46-0699F7ED9550}.TraceRelease|Mixed Platforms.Build.0 = Release|Any CPU
		{00DF8E12-8368-4C68-9B46-0699F7ED9550}.TraceRelease|x86.ActiveCfg = Release|Any CPU
		{B322651C-49B5-4C81-A267-4E79149972C8}.Debug|Any CPU.ActiveCfg = Debug|Any CPU
		{B322651C-49B5-4C81-A267-4E79149972C8}.Debug|Any CPU.Build.0 = Debug|Any CPU
		{B322651C-49B5-4C81-A267-4E79149972C8}.Debug|Mixed Platforms.ActiveCfg = Debug|Any CPU
		{B322651C-49B5-4C81-A267-4E79149972C8}.Debug|Mixed Platforms.Build.0 = Debug|Any CPU
		{B322651C-49B5-4C81-A267-4E79149972C8}.Debug|x86.ActiveCfg = Debug|Any CPU
		{B322651C-49B5-4C81-A267-4E79149972C8}.Release|Any CPU.ActiveCfg = Release|Any CPU
		{B322651C-49B5-4C81-A267-4E79149972C8}.Release|Any CPU.Build.0 = Release|Any CPU
		{B322651C-49B5-4C81-A267-4E79149972C8}.Release|Mixed Platforms.ActiveCfg = Release|Any CPU
		{B322651C-49B5-4C81-A267-4E79149972C8}.Release|Mixed Platforms.Build.0 = Release|Any CPU
		{B322651C-49B5-4C81-A267-4E79149972C8}.Release|x86.ActiveCfg = Release|Any CPU
		{B322651C-49B5-4C81-A267-4E79149972C8}.TraceRelease|Any CPU.ActiveCfg = Release|Any CPU
		{B322651C-49B5-4C81-A267-4E79149972C8}.TraceRelease|Any CPU.Build.0 = Release|Any CPU
		{B322651C-49B5-4C81-A267-4E79149972C8}.TraceRelease|Mixed Platforms.ActiveCfg = Release|Any CPU
		{B322651C-49B5-4C81-A267-4E79149972C8}.TraceRelease|Mixed Platforms.Build.0 = Release|Any CPU
		{B322651C-49B5-4C81-A267-4E79149972C8}.TraceRelease|x86.ActiveCfg = Release|Any CPU
		{F3523C5D-AAA3-495F-B61D-BE59989DE9BE}.Debug|Any CPU.ActiveCfg = Debug|Any CPU
		{F3523C5D-AAA3-495F-B61D-BE59989DE9BE}.Debug|Any CPU.Build.0 = Debug|Any CPU
		{F3523C5D-AAA3-495F-B61D-BE59989DE9BE}.Debug|Mixed Platforms.ActiveCfg = Debug|Any CPU
		{F3523C5D-AAA3-495F-B61D-BE59989DE9BE}.Debug|Mixed Platforms.Build.0 = Debug|Any CPU
		{F3523C5D-AAA3-495F-B61D-BE59989DE9BE}.Debug|x86.ActiveCfg = Debug|Any CPU
		{F3523C5D-AAA3-495F-B61D-BE59989DE9BE}.Release|Any CPU.ActiveCfg = Release|Any CPU
		{F3523C5D-AAA3-495F-B61D-BE59989DE9BE}.Release|Any CPU.Build.0 = Release|Any CPU
		{F3523C5D-AAA3-495F-B61D-BE59989DE9BE}.Release|Mixed Platforms.ActiveCfg = Release|Any CPU
		{F3523C5D-AAA3-495F-B61D-BE59989DE9BE}.Release|Mixed Platforms.Build.0 = Release|Any CPU
		{F3523C5D-AAA3-495F-B61D-BE59989DE9BE}.Release|x86.ActiveCfg = Release|Any CPU
		{F3523C5D-AAA3-495F-B61D-BE59989DE9BE}.TraceRelease|Any CPU.ActiveCfg = Release|Any CPU
		{F3523C5D-AAA3-495F-B61D-BE59989DE9BE}.TraceRelease|Any CPU.Build.0 = Release|Any CPU
		{F3523C5D-AAA3-495F-B61D-BE59989DE9BE}.TraceRelease|Mixed Platforms.ActiveCfg = Release|Any CPU
		{F3523C5D-AAA3-495F-B61D-BE59989DE9BE}.TraceRelease|Mixed Platforms.Build.0 = Release|Any CPU
		{F3523C5D-AAA3-495F-B61D-BE59989DE9BE}.TraceRelease|x86.ActiveCfg = Release|Any CPU
		{20ACC268-4898-45C5-8C3A-49FF0D0334EC}.Debug|Any CPU.ActiveCfg = Debug|Any CPU
		{20ACC268-4898-45C5-8C3A-49FF0D0334EC}.Debug|Any CPU.Build.0 = Debug|Any CPU
		{20ACC268-4898-45C5-8C3A-49FF0D0334EC}.Debug|Mixed Platforms.ActiveCfg = Debug|Any CPU
		{20ACC268-4898-45C5-8C3A-49FF0D0334EC}.Debug|Mixed Platforms.Build.0 = Debug|Any CPU
		{20ACC268-4898-45C5-8C3A-49FF0D0334EC}.Debug|x86.ActiveCfg = Debug|Any CPU
		{20ACC268-4898-45C5-8C3A-49FF0D0334EC}.Release|Any CPU.ActiveCfg = Release|Any CPU
		{20ACC268-4898-45C5-8C3A-49FF0D0334EC}.Release|Any CPU.Build.0 = Release|Any CPU
		{20ACC268-4898-45C5-8C3A-49FF0D0334EC}.Release|Mixed Platforms.ActiveCfg = Release|Any CPU
		{20ACC268-4898-45C5-8C3A-49FF0D0334EC}.Release|Mixed Platforms.Build.0 = Release|Any CPU
		{20ACC268-4898-45C5-8C3A-49FF0D0334EC}.Release|x86.ActiveCfg = Release|Any CPU
		{20ACC268-4898-45C5-8C3A-49FF0D0334EC}.TraceRelease|Any CPU.ActiveCfg = Release|Any CPU
		{20ACC268-4898-45C5-8C3A-49FF0D0334EC}.TraceRelease|Any CPU.Build.0 = Release|Any CPU
		{20ACC268-4898-45C5-8C3A-49FF0D0334EC}.TraceRelease|Mixed Platforms.ActiveCfg = Release|Any CPU
		{20ACC268-4898-45C5-8C3A-49FF0D0334EC}.TraceRelease|Mixed Platforms.Build.0 = Release|Any CPU
		{20ACC268-4898-45C5-8C3A-49FF0D0334EC}.TraceRelease|x86.ActiveCfg = Release|Any CPU
		{8E7DB4AB-D8DD-44AA-B5DC-3D24C76F9A21}.Debug|Any CPU.ActiveCfg = Debug|Any CPU
		{8E7DB4AB-D8DD-44AA-B5DC-3D24C76F9A21}.Debug|Any CPU.Build.0 = Debug|Any CPU
		{8E7DB4AB-D8DD-44AA-B5DC-3D24C76F9A21}.Debug|Mixed Platforms.ActiveCfg = Debug|Any CPU
		{8E7DB4AB-D8DD-44AA-B5DC-3D24C76F9A21}.Debug|Mixed Platforms.Build.0 = Debug|Any CPU
		{8E7DB4AB-D8DD-44AA-B5DC-3D24C76F9A21}.Debug|x86.ActiveCfg = Debug|Any CPU
		{8E7DB4AB-D8DD-44AA-B5DC-3D24C76F9A21}.Release|Any CPU.ActiveCfg = Release|Any CPU
		{8E7DB4AB-D8DD-44AA-B5DC-3D24C76F9A21}.Release|Any CPU.Build.0 = Release|Any CPU
		{8E7DB4AB-D8DD-44AA-B5DC-3D24C76F9A21}.Release|Mixed Platforms.ActiveCfg = Release|Any CPU
		{8E7DB4AB-D8DD-44AA-B5DC-3D24C76F9A21}.Release|Mixed Platforms.Build.0 = Release|Any CPU
		{8E7DB4AB-D8DD-44AA-B5DC-3D24C76F9A21}.Release|x86.ActiveCfg = Release|Any CPU
		{8E7DB4AB-D8DD-44AA-B5DC-3D24C76F9A21}.TraceRelease|Any CPU.ActiveCfg = Release|Any CPU
		{8E7DB4AB-D8DD-44AA-B5DC-3D24C76F9A21}.TraceRelease|Any CPU.Build.0 = Release|Any CPU
		{8E7DB4AB-D8DD-44AA-B5DC-3D24C76F9A21}.TraceRelease|Mixed Platforms.ActiveCfg = Release|Any CPU
		{8E7DB4AB-D8DD-44AA-B5DC-3D24C76F9A21}.TraceRelease|Mixed Platforms.Build.0 = Release|Any CPU
		{8E7DB4AB-D8DD-44AA-B5DC-3D24C76F9A21}.TraceRelease|x86.ActiveCfg = Release|Any CPU
		{22F9B090-3A65-408A-B088-831D3A444544}.Debug|Any CPU.ActiveCfg = Debug|Any CPU
		{22F9B090-3A65-408A-B088-831D3A444544}.Debug|Any CPU.Build.0 = Debug|Any CPU
		{22F9B090-3A65-408A-B088-831D3A444544}.Debug|Mixed Platforms.ActiveCfg = Debug|Any CPU
		{22F9B090-3A65-408A-B088-831D3A444544}.Debug|Mixed Platforms.Build.0 = Debug|Any CPU
		{22F9B090-3A65-408A-B088-831D3A444544}.Debug|x86.ActiveCfg = Debug|Any CPU
		{22F9B090-3A65-408A-B088-831D3A444544}.Release|Any CPU.ActiveCfg = Release|Any CPU
		{22F9B090-3A65-408A-B088-831D3A444544}.Release|Any CPU.Build.0 = Release|Any CPU
		{22F9B090-3A65-408A-B088-831D3A444544}.Release|Mixed Platforms.ActiveCfg = Release|Any CPU
		{22F9B090-3A65-408A-B088-831D3A444544}.Release|Mixed Platforms.Build.0 = Release|Any CPU
		{22F9B090-3A65-408A-B088-831D3A444544}.Release|x86.ActiveCfg = Release|Any CPU
		{22F9B090-3A65-408A-B088-831D3A444544}.TraceRelease|Any CPU.ActiveCfg = Release|Any CPU
		{22F9B090-3A65-408A-B088-831D3A444544}.TraceRelease|Any CPU.Build.0 = Release|Any CPU
		{22F9B090-3A65-408A-B088-831D3A444544}.TraceRelease|Mixed Platforms.ActiveCfg = Release|Any CPU
		{22F9B090-3A65-408A-B088-831D3A444544}.TraceRelease|Mixed Platforms.Build.0 = Release|Any CPU
		{22F9B090-3A65-408A-B088-831D3A444544}.TraceRelease|x86.ActiveCfg = Release|Any CPU
		{7E363460-4917-4EAC-9042-78790CA999FD}.Debug|Any CPU.ActiveCfg = Debug|Any CPU
		{7E363460-4917-4EAC-9042-78790CA999FD}.Debug|Any CPU.Build.0 = Debug|Any CPU
		{7E363460-4917-4EAC-9042-78790CA999FD}.Debug|Mixed Platforms.ActiveCfg = Debug|Any CPU
		{7E363460-4917-4EAC-9042-78790CA999FD}.Debug|Mixed Platforms.Build.0 = Debug|Any CPU
		{7E363460-4917-4EAC-9042-78790CA999FD}.Debug|x86.ActiveCfg = Debug|Any CPU
		{7E363460-4917-4EAC-9042-78790CA999FD}.Release|Any CPU.ActiveCfg = Release|Any CPU
		{7E363460-4917-4EAC-9042-78790CA999FD}.Release|Any CPU.Build.0 = Release|Any CPU
		{7E363460-4917-4EAC-9042-78790CA999FD}.Release|Mixed Platforms.ActiveCfg = Release|Any CPU
		{7E363460-4917-4EAC-9042-78790CA999FD}.Release|Mixed Platforms.Build.0 = Release|Any CPU
		{7E363460-4917-4EAC-9042-78790CA999FD}.Release|x86.ActiveCfg = Release|Any CPU
		{7E363460-4917-4EAC-9042-78790CA999FD}.TraceRelease|Any CPU.ActiveCfg = Release|Any CPU
		{7E363460-4917-4EAC-9042-78790CA999FD}.TraceRelease|Any CPU.Build.0 = Release|Any CPU
		{7E363460-4917-4EAC-9042-78790CA999FD}.TraceRelease|Mixed Platforms.ActiveCfg = Release|Any CPU
		{7E363460-4917-4EAC-9042-78790CA999FD}.TraceRelease|Mixed Platforms.Build.0 = Release|Any CPU
		{7E363460-4917-4EAC-9042-78790CA999FD}.TraceRelease|x86.ActiveCfg = Release|Any CPU
		{9D010F13-D9F5-4C4D-9826-5D85A8991689}.Debug|Any CPU.ActiveCfg = Debug|Any CPU
		{9D010F13-D9F5-4C4D-9826-5D85A8991689}.Debug|Any CPU.Build.0 = Debug|Any CPU
		{9D010F13-D9F5-4C4D-9826-5D85A8991689}.Debug|Mixed Platforms.ActiveCfg = Debug|Any CPU
		{9D010F13-D9F5-4C4D-9826-5D85A8991689}.Debug|Mixed Platforms.Build.0 = Debug|Any CPU
		{9D010F13-D9F5-4C4D-9826-5D85A8991689}.Debug|x86.ActiveCfg = Debug|Any CPU
		{9D010F13-D9F5-4C4D-9826-5D85A8991689}.Release|Any CPU.ActiveCfg = Release|Any CPU
		{9D010F13-D9F5-4C4D-9826-5D85A8991689}.Release|Any CPU.Build.0 = Release|Any CPU
		{9D010F13-D9F5-4C4D-9826-5D85A8991689}.Release|Mixed Platforms.ActiveCfg = Release|Any CPU
		{9D010F13-D9F5-4C4D-9826-5D85A8991689}.Release|Mixed Platforms.Build.0 = Release|Any CPU
		{9D010F13-D9F5-4C4D-9826-5D85A8991689}.Release|x86.ActiveCfg = Release|Any CPU
		{9D010F13-D9F5-4C4D-9826-5D85A8991689}.TraceRelease|Any CPU.ActiveCfg = Release|Any CPU
		{9D010F13-D9F5-4C4D-9826-5D85A8991689}.TraceRelease|Any CPU.Build.0 = Release|Any CPU
		{9D010F13-D9F5-4C4D-9826-5D85A8991689}.TraceRelease|Mixed Platforms.ActiveCfg = Release|Any CPU
		{9D010F13-D9F5-4C4D-9826-5D85A8991689}.TraceRelease|Mixed Platforms.Build.0 = Release|Any CPU
		{9D010F13-D9F5-4C4D-9826-5D85A8991689}.TraceRelease|x86.ActiveCfg = Release|Any CPU
		{496E280B-840D-42A7-8E88-BC8B94FD2D9F}.Debug|Any CPU.ActiveCfg = Debug|Any CPU
		{496E280B-840D-42A7-8E88-BC8B94FD2D9F}.Debug|Any CPU.Build.0 = Debug|Any CPU
		{496E280B-840D-42A7-8E88-BC8B94FD2D9F}.Debug|Mixed Platforms.ActiveCfg = Debug|Any CPU
		{496E280B-840D-42A7-8E88-BC8B94FD2D9F}.Debug|Mixed Platforms.Build.0 = Debug|Any CPU
		{496E280B-840D-42A7-8E88-BC8B94FD2D9F}.Debug|x86.ActiveCfg = Debug|Any CPU
		{496E280B-840D-42A7-8E88-BC8B94FD2D9F}.Release|Any CPU.ActiveCfg = Release|Any CPU
		{496E280B-840D-42A7-8E88-BC8B94FD2D9F}.Release|Any CPU.Build.0 = Release|Any CPU
		{496E280B-840D-42A7-8E88-BC8B94FD2D9F}.Release|Mixed Platforms.ActiveCfg = Release|Any CPU
		{496E280B-840D-42A7-8E88-BC8B94FD2D9F}.Release|Mixed Platforms.Build.0 = Release|Any CPU
		{496E280B-840D-42A7-8E88-BC8B94FD2D9F}.Release|x86.ActiveCfg = Release|Any CPU
		{496E280B-840D-42A7-8E88-BC8B94FD2D9F}.TraceRelease|Any CPU.ActiveCfg = Release|Any CPU
		{496E280B-840D-42A7-8E88-BC8B94FD2D9F}.TraceRelease|Any CPU.Build.0 = Release|Any CPU
		{496E280B-840D-42A7-8E88-BC8B94FD2D9F}.TraceRelease|Mixed Platforms.ActiveCfg = Release|Any CPU
		{496E280B-840D-42A7-8E88-BC8B94FD2D9F}.TraceRelease|Mixed Platforms.Build.0 = Release|Any CPU
		{496E280B-840D-42A7-8E88-BC8B94FD2D9F}.TraceRelease|x86.ActiveCfg = Release|Any CPU
		{068FF586-D40C-4A54-A283-C16CA3996F37}.Debug|Any CPU.ActiveCfg = Debug|Any CPU
		{068FF586-D40C-4A54-A283-C16CA3996F37}.Debug|Any CPU.Build.0 = Debug|Any CPU
		{068FF586-D40C-4A54-A283-C16CA3996F37}.Debug|Mixed Platforms.ActiveCfg = Debug|Any CPU
		{068FF586-D40C-4A54-A283-C16CA3996F37}.Debug|Mixed Platforms.Build.0 = Debug|Any CPU
		{068FF586-D40C-4A54-A283-C16CA3996F37}.Debug|x86.ActiveCfg = Debug|Any CPU
		{068FF586-D40C-4A54-A283-C16CA3996F37}.Release|Any CPU.ActiveCfg = Release|Any CPU
		{068FF586-D40C-4A54-A283-C16CA3996F37}.Release|Any CPU.Build.0 = Release|Any CPU
		{068FF586-D40C-4A54-A283-C16CA3996F37}.Release|Mixed Platforms.ActiveCfg = Release|Any CPU
		{068FF586-D40C-4A54-A283-C16CA3996F37}.Release|Mixed Platforms.Build.0 = Release|Any CPU
		{068FF586-D40C-4A54-A283-C16CA3996F37}.Release|x86.ActiveCfg = Release|Any CPU
		{068FF586-D40C-4A54-A283-C16CA3996F37}.TraceRelease|Any CPU.ActiveCfg = Release|Any CPU
		{068FF586-D40C-4A54-A283-C16CA3996F37}.TraceRelease|Any CPU.Build.0 = Release|Any CPU
		{068FF586-D40C-4A54-A283-C16CA3996F37}.TraceRelease|Mixed Platforms.ActiveCfg = Release|Any CPU
		{068FF586-D40C-4A54-A283-C16CA3996F37}.TraceRelease|Mixed Platforms.Build.0 = Release|Any CPU
		{068FF586-D40C-4A54-A283-C16CA3996F37}.TraceRelease|x86.ActiveCfg = Release|Any CPU
		{6C8D501D-9A80-4711-9096-2FABA769081F}.Debug|Any CPU.ActiveCfg = Debug|Any CPU
		{6C8D501D-9A80-4711-9096-2FABA769081F}.Debug|Any CPU.Build.0 = Debug|Any CPU
		{6C8D501D-9A80-4711-9096-2FABA769081F}.Debug|Mixed Platforms.ActiveCfg = Debug|Any CPU
		{6C8D501D-9A80-4711-9096-2FABA769081F}.Debug|Mixed Platforms.Build.0 = Debug|Any CPU
		{6C8D501D-9A80-4711-9096-2FABA769081F}.Debug|x86.ActiveCfg = Debug|Any CPU
		{6C8D501D-9A80-4711-9096-2FABA769081F}.Release|Any CPU.ActiveCfg = Release|Any CPU
		{6C8D501D-9A80-4711-9096-2FABA769081F}.Release|Any CPU.Build.0 = Release|Any CPU
		{6C8D501D-9A80-4711-9096-2FABA769081F}.Release|Mixed Platforms.ActiveCfg = Release|Any CPU
		{6C8D501D-9A80-4711-9096-2FABA769081F}.Release|Mixed Platforms.Build.0 = Release|Any CPU
		{6C8D501D-9A80-4711-9096-2FABA769081F}.Release|x86.ActiveCfg = Release|Any CPU
		{6C8D501D-9A80-4711-9096-2FABA769081F}.TraceRelease|Any CPU.ActiveCfg = Release|Any CPU
		{6C8D501D-9A80-4711-9096-2FABA769081F}.TraceRelease|Any CPU.Build.0 = Release|Any CPU
		{6C8D501D-9A80-4711-9096-2FABA769081F}.TraceRelease|Mixed Platforms.ActiveCfg = Release|Any CPU
		{6C8D501D-9A80-4711-9096-2FABA769081F}.TraceRelease|Mixed Platforms.Build.0 = Release|Any CPU
		{6C8D501D-9A80-4711-9096-2FABA769081F}.TraceRelease|x86.ActiveCfg = Release|Any CPU
		{12F3A152-5EAD-45AC-87AE-13698124DFD6}.Debug|Any CPU.ActiveCfg = Debug|Any CPU
		{12F3A152-5EAD-45AC-87AE-13698124DFD6}.Debug|Any CPU.Build.0 = Debug|Any CPU
		{12F3A152-5EAD-45AC-87AE-13698124DFD6}.Debug|Mixed Platforms.ActiveCfg = Debug|Any CPU
		{12F3A152-5EAD-45AC-87AE-13698124DFD6}.Debug|Mixed Platforms.Build.0 = Debug|Any CPU
		{12F3A152-5EAD-45AC-87AE-13698124DFD6}.Debug|x86.ActiveCfg = Debug|Any CPU
		{12F3A152-5EAD-45AC-87AE-13698124DFD6}.Release|Any CPU.ActiveCfg = Release|Any CPU
		{12F3A152-5EAD-45AC-87AE-13698124DFD6}.Release|Any CPU.Build.0 = Release|Any CPU
		{12F3A152-5EAD-45AC-87AE-13698124DFD6}.Release|Mixed Platforms.ActiveCfg = Release|Any CPU
		{12F3A152-5EAD-45AC-87AE-13698124DFD6}.Release|Mixed Platforms.Build.0 = Release|Any CPU
		{12F3A152-5EAD-45AC-87AE-13698124DFD6}.Release|x86.ActiveCfg = Release|Any CPU
		{12F3A152-5EAD-45AC-87AE-13698124DFD6}.TraceRelease|Any CPU.ActiveCfg = Release|Any CPU
		{12F3A152-5EAD-45AC-87AE-13698124DFD6}.TraceRelease|Any CPU.Build.0 = Release|Any CPU
		{12F3A152-5EAD-45AC-87AE-13698124DFD6}.TraceRelease|Mixed Platforms.ActiveCfg = Release|Any CPU
		{12F3A152-5EAD-45AC-87AE-13698124DFD6}.TraceRelease|Mixed Platforms.Build.0 = Release|Any CPU
		{12F3A152-5EAD-45AC-87AE-13698124DFD6}.TraceRelease|x86.ActiveCfg = Release|Any CPU
		{0348E6FD-E3F3-4730-B4D5-BB4E21F36B36}.Debug|Any CPU.ActiveCfg = Debug|Any CPU
		{0348E6FD-E3F3-4730-B4D5-BB4E21F36B36}.Debug|Any CPU.Build.0 = Debug|Any CPU
		{0348E6FD-E3F3-4730-B4D5-BB4E21F36B36}.Debug|Mixed Platforms.ActiveCfg = Debug|Any CPU
		{0348E6FD-E3F3-4730-B4D5-BB4E21F36B36}.Debug|Mixed Platforms.Build.0 = Debug|Any CPU
		{0348E6FD-E3F3-4730-B4D5-BB4E21F36B36}.Debug|x86.ActiveCfg = Debug|Any CPU
		{0348E6FD-E3F3-4730-B4D5-BB4E21F36B36}.Release|Any CPU.ActiveCfg = Release|Any CPU
		{0348E6FD-E3F3-4730-B4D5-BB4E21F36B36}.Release|Any CPU.Build.0 = Release|Any CPU
		{0348E6FD-E3F3-4730-B4D5-BB4E21F36B36}.Release|Mixed Platforms.ActiveCfg = Release|Any CPU
		{0348E6FD-E3F3-4730-B4D5-BB4E21F36B36}.Release|Mixed Platforms.Build.0 = Release|Any CPU
		{0348E6FD-E3F3-4730-B4D5-BB4E21F36B36}.Release|x86.ActiveCfg = Release|Any CPU
		{0348E6FD-E3F3-4730-B4D5-BB4E21F36B36}.TraceRelease|Any CPU.ActiveCfg = Release|Any CPU
		{0348E6FD-E3F3-4730-B4D5-BB4E21F36B36}.TraceRelease|Any CPU.Build.0 = Release|Any CPU
		{0348E6FD-E3F3-4730-B4D5-BB4E21F36B36}.TraceRelease|Mixed Platforms.ActiveCfg = Release|Any CPU
		{0348E6FD-E3F3-4730-B4D5-BB4E21F36B36}.TraceRelease|Mixed Platforms.Build.0 = Release|Any CPU
		{0348E6FD-E3F3-4730-B4D5-BB4E21F36B36}.TraceRelease|x86.ActiveCfg = Release|Any CPU
		{D19BC3D3-D54B-4055-B0C0-E0BBDBB5751A}.Debug|Any CPU.ActiveCfg = Debug|Any CPU
		{D19BC3D3-D54B-4055-B0C0-E0BBDBB5751A}.Debug|Any CPU.Build.0 = Debug|Any CPU
		{D19BC3D3-D54B-4055-B0C0-E0BBDBB5751A}.Debug|Mixed Platforms.ActiveCfg = Debug|Any CPU
		{D19BC3D3-D54B-4055-B0C0-E0BBDBB5751A}.Debug|Mixed Platforms.Build.0 = Debug|Any CPU
		{D19BC3D3-D54B-4055-B0C0-E0BBDBB5751A}.Debug|x86.ActiveCfg = Debug|Any CPU
		{D19BC3D3-D54B-4055-B0C0-E0BBDBB5751A}.Release|Any CPU.ActiveCfg = Release|Any CPU
		{D19BC3D3-D54B-4055-B0C0-E0BBDBB5751A}.Release|Any CPU.Build.0 = Release|Any CPU
		{D19BC3D3-D54B-4055-B0C0-E0BBDBB5751A}.Release|Mixed Platforms.ActiveCfg = Release|Any CPU
		{D19BC3D3-D54B-4055-B0C0-E0BBDBB5751A}.Release|Mixed Platforms.Build.0 = Release|Any CPU
		{D19BC3D3-D54B-4055-B0C0-E0BBDBB5751A}.Release|x86.ActiveCfg = Release|Any CPU
		{D19BC3D3-D54B-4055-B0C0-E0BBDBB5751A}.TraceRelease|Any CPU.ActiveCfg = Release|Any CPU
		{D19BC3D3-D54B-4055-B0C0-E0BBDBB5751A}.TraceRelease|Any CPU.Build.0 = Release|Any CPU
		{D19BC3D3-D54B-4055-B0C0-E0BBDBB5751A}.TraceRelease|Mixed Platforms.ActiveCfg = Release|Any CPU
		{D19BC3D3-D54B-4055-B0C0-E0BBDBB5751A}.TraceRelease|Mixed Platforms.Build.0 = Release|Any CPU
		{D19BC3D3-D54B-4055-B0C0-E0BBDBB5751A}.TraceRelease|x86.ActiveCfg = Release|Any CPU
	EndGlobalSection
	GlobalSection(SolutionProperties) = preSolution
		HideSolutionNode = FALSE
	EndGlobalSection
	GlobalSection(NestedProjects) = preSolution
		{706B4F56-D63A-445A-829A-6D89454F8F60} = {7DD8AF68-0C83-4F25-BF2E-B579792754F4}
	EndGlobalSection
EndGlobal
